
Microsoft Visual Studio Solution File, Format Version 12.00
# Visual Studio 2012
Project("{FAE04EC0-301F-11D3-BF4B-00C04F79EFBC}") = "CMImage", "CMImage\CMImage.csproj", "{41CB85A4-9464-421E-B13F-3E908C156B39}"
EndProject
Global
	GlobalSection(SolutionConfigurationPlatforms) = preSolution
		Debug|Any CPU = Debug|Any CPU
		Release|Any CPU = Release|Any CPU
	EndGlobalSection
	GlobalSection(ProjectConfigurationPlatforms) = postSolution
		{41CB85A4-9464-421E-B13F-3E908C156B39}.Debug|Any CPU.ActiveCfg = Debug|Any CPU
		{41CB85A4-9464-421E-B13F-3E908C156B39}.Debug|Any CPU.Build.0 = Debug|Any CPU
		{41CB85A4-9464-421E-B13F-3E908C156B39}.Release|Any CPU.ActiveCfg = Release|Any CPU
		{41CB85A4-9464-421E-B13F-3E908C156B39}.Release|Any CPU.Build.0 = Release|Any CPU
	EndGlobalSection
	GlobalSection(MonoDevelopProperties) = preSolution
		Policies = $0
		$0.TextStylePolicy = $1
		$1.inheritsSet = null
		$1.scope = text/x-csharp
		$0.CSharpFormattingPolicy = $2
		$2.scope = text/x-csharp
		$0.TextStylePolicy = $3
		$3.FileWidth = 80
		$3.TabsToSpaces = True
		$3.scope = text/plain
		$0.StandardHeader = $4
		$0.VersionControlPolicy = $5
		description = Useful toolkit to work on Mac
	EndGlobalSection
EndGlobal
